
Microsoft Visual Studio Solution File, Format Version 12.00
# Visual Studio Version 17
VisualStudioVersion = 17.5.33530.505
MinimumVisualStudioVersion = 10.0.40219.1
Project("{FAE04EC0-301F-11D3-BF4B-00C04F79EFBC}") = "Prograd  Week5-Assesment", "Prograd  Week5-Assesment.csproj", "{97A152A6-56DF-47B4-968A-12230C9A4A37}"
EndProject
Project("{FAE04EC0-301F-11D3-BF4B-00C04F79EFBC}") = "Prograd  Week5-AssesmentTests", "..\Prograd  Week5-AssesmentTests\Prograd  Week5-AssesmentTests.csproj", "{541397E2-DD49-4058-985E-576F860C5014}"
EndProject
Global
	GlobalSection(SolutionConfigurationPlatforms) = preSolution
		Debug|Any CPU = Debug|Any CPU
		Release|Any CPU = Release|Any CPU
	EndGlobalSection
	GlobalSection(ProjectConfigurationPlatforms) = postSolution
		{97A152A6-56DF-47B4-968A-12230C9A4A37}.Debug|Any CPU.ActiveCfg = Debug|Any CPU
		{97A152A6-56DF-47B4-968A-12230C9A4A37}.Debug|Any CPU.Build.0 = Debug|Any CPU
		{97A152A6-56DF-47B4-968A-12230C9A4A37}.Release|Any CPU.ActiveCfg = Release|Any CPU
		{97A152A6-56DF-47B4-968A-12230C9A4A37}.Release|Any CPU.Build.0 = Release|Any CPU
		{541397E2-DD49-4058-985E-576F860C5014}.Debug|Any CPU.ActiveCfg = Debug|Any CPU
		{541397E2-DD49-4058-985E-576F860C5014}.Debug|Any CPU.Build.0 = Debug|Any CPU
		{541397E2-DD49-4058-985E-576F860C5014}.Release|Any CPU.ActiveCfg = Release|Any CPU
		{541397E2-DD49-4058-985E-576F860C5014}.Release|Any CPU.Build.0 = Release|Any CPU
	EndGlobalSection
	GlobalSection(SolutionProperties) = preSolution
		HideSolutionNode = FALSE
	EndGlobalSection
	GlobalSection(ExtensibilityGlobals) = postSolution
		SolutionGuid = {23C9547D-696A-4014-8171-56622A346990}
	EndGlobalSection
EndGlobal
